
Microsoft Visual Studio Solution File, Format Version 12.00
# Visual Studio Version 16
VisualStudioVersion = 16.0.31313.79
MinimumVisualStudioVersion = 10.0.40219.1
Project("{8BC9CEB8-8B4A-11D0-8D11-00A0C91BC942}") = "Ch06_01", "Ch06_01\Ch06_01.vcxproj", "{4C8B78E7-2720-487F-BB04-7DE288A6991F}"
EndProject
Project("{8BC9CEB8-8B4A-11D0-8D11-00A0C91BC942}") = "Ch06_02", "Ch06_02\Ch06_02.vcxproj", "{3DB3455B-B310-4296-815C-7278A16428C1}"
EndProject
Project("{8BC9CEB8-8B4A-11D0-8D11-00A0C91BC942}") = "Ch06_03", "Ch06_03\Ch06_03.vcxproj", "{A96A78E3-E713-4796-862D-D1A738F2231C}"
EndProject
Project("{8BC9CEB8-8B4A-11D0-8D11-00A0C91BC942}") = "Ch06_04", "Ch06_04\Ch06_04.vcxproj", "{A6074654-832E-4433-8605-107318624B84}"
EndProject
Project("{8BC9CEB8-8B4A-11D0-8D11-00A0C91BC942}") = "Ch06_05", "Ch06_05\Ch06_05.vcxproj", "{E3CF63A7-7078-42CB-9878-8D4E4DB311DC}"
EndProject
Global
	GlobalSection(SolutionConfigurationPlatforms) = preSolution
		Debug|x64 = Debug|x64
		Release|x64 = Release|x64
	EndGlobalSection
	GlobalSection(ProjectConfigurationPlatforms) = postSolution
		{4C8B78E7-2720-487F-BB04-7DE288A6991F}.Debug|x64.ActiveCfg = Debug|x64
		{4C8B78E7-2720-487F-BB04-7DE288A6991F}.Debug|x64.Build.0 = Debug|x64
		{4C8B78E7-2720-487F-BB04-7DE288A6991F}.Release|x64.ActiveCfg = Release|x64
		{4C8B78E7-2720-487F-BB04-7DE288A6991F}.Release|x64.Build.0 = Release|x64
		{3DB3455B-B310-4296-815C-7278A16428C1}.Debug|x64.ActiveCfg = Debug|x64
		{3DB3455B-B310-4296-815C-7278A16428C1}.Debug|x64.Build.0 = Debug|x64
		{3DB3455B-B310-4296-815C-7278A16428C1}.Release|x64.ActiveCfg = Release|x64
		{3DB3455B-B310-4296-815C-7278A16428C1}.Release|x64.Build.0 = Release|x64
		{A96A78E3-E713-4796-862D-D1A738F2231C}.Debug|x64.ActiveCfg = Debug|x64
		{A96A78E3-E713-4796-862D-D1A738F2231C}.Debug|x64.Build.0 = Debug|x64
		{A96A78E3-E713-4796-862D-D1A738F2231C}.Release|x64.ActiveCfg = Release|x64
		{A96A78E3-E713-4796-862D-D1A738F2231C}.Release|x64.Build.0 = Release|x64
		{A6074654-832E-4433-8605-107318624B84}.Debug|x64.ActiveCfg = Debug|x64
		{A6074654-832E-4433-8605-107318624B84}.Debug|x64.Build.0 = Debug|x64
		{A6074654-832E-4433-8605-107318624B84}.Release|x64.ActiveCfg = Release|x64
		{A6074654-832E-4433-8605-107318624B84}.Release|x64.Build.0 = Release|x64
		{E3CF63A7-7078-42CB-9878-8D4E4DB311DC}.Debug|x64.ActiveCfg = Debug|x64
		{E3CF63A7-7078-42CB-9878-8D4E4DB311DC}.Debug|x64.Build.0 = Debug|x64
		{E3CF63A7-7078-42CB-9878-8D4E4DB311DC}.Release|x64.ActiveCfg = Release|x64
		{E3CF63A7-7078-42CB-9878-8D4E4DB311DC}.Release|x64.Build.0 = Release|x64
	EndGlobalSection
	GlobalSection(SolutionProperties) = preSolution
		HideSolutionNode = FALSE
	EndGlobalSection
	GlobalSection(ExtensibilityGlobals) = postSolution
		SolutionGuid = {8BD3C0D0-AB07-49C9-9AAC-D3CABE319E60}
	EndGlobalSection
EndGlobal
