
Microsoft Visual Studio Solution File, Format Version 12.00
# Visual Studio Version 16
VisualStudioVersion = 16.0.31313.79
MinimumVisualStudioVersion = 10.0.40219.1
Project("{8BC9CEB8-8B4A-11D0-8D11-00A0C91BC942}") = "Ch08_01", "Ch08_01\Ch08_01.vcxproj", "{829CA213-DE4B-4549-B057-C146E2FCBCF7}"
EndProject
Project("{8BC9CEB8-8B4A-11D0-8D11-00A0C91BC942}") = "Ch08_02", "Ch08_02\Ch08_02.vcxproj", "{E895127E-DF22-4260-A62F-CF42CB1858BC}"
EndProject
Project("{8BC9CEB8-8B4A-11D0-8D11-00A0C91BC942}") = "Ch08_03", "Ch08_03\Ch08_03.vcxproj", "{822C665D-AB99-4601-9354-9CCB2CB7F65E}"
EndProject
Project("{8BC9CEB8-8B4A-11D0-8D11-00A0C91BC942}") = "Ch08_04", "Ch08_04\Ch08_04.vcxproj", "{B9E16B1F-7CA8-4C5F-B746-6F0C1B469AF1}"
EndProject
Project("{8BC9CEB8-8B4A-11D0-8D11-00A0C91BC942}") = "Ch08_05", "Ch08_05\Ch08_05.vcxproj", "{0EAFD463-8284-4B80-9089-6C5F86ADF342}"
EndProject
Project("{8BC9CEB8-8B4A-11D0-8D11-00A0C91BC942}") = "Ch08_06", "Ch08_06\Ch08_06.vcxproj", "{8A736113-5E2E-4AED-9D6F-7D438C669DE9}"
EndProject
Project("{8BC9CEB8-8B4A-11D0-8D11-00A0C91BC942}") = "Ch08_07", "Ch08_07\Ch08_07.vcxproj", "{9E6FFB27-484B-40B4-A5DC-D29D7649C7CF}"
EndProject
Project("{8BC9CEB8-8B4A-11D0-8D11-00A0C91BC942}") = "Ch08_08", "Ch08_08\Ch08_08.vcxproj", "{2DFD4F57-96D1-4B31-B0EF-365AAD497551}"
EndProject
Project("{8BC9CEB8-8B4A-11D0-8D11-00A0C91BC942}") = "Ch08_09", "Ch08_09\Ch08_09.vcxproj", "{E68C4301-1DBF-4DE6-80B7-7762F1E883F8}"
EndProject
Global
	GlobalSection(SolutionConfigurationPlatforms) = preSolution
		Debug|x64 = Debug|x64
		Debug|x86 = Debug|x86
		Release|x64 = Release|x64
		Release|x86 = Release|x86
	EndGlobalSection
	GlobalSection(ProjectConfigurationPlatforms) = postSolution
		{829CA213-DE4B-4549-B057-C146E2FCBCF7}.Debug|x64.ActiveCfg = Debug|x64
		{829CA213-DE4B-4549-B057-C146E2FCBCF7}.Debug|x64.Build.0 = Debug|x64
		{829CA213-DE4B-4549-B057-C146E2FCBCF7}.Debug|x86.ActiveCfg = Debug|Win32
		{829CA213-DE4B-4549-B057-C146E2FCBCF7}.Debug|x86.Build.0 = Debug|Win32
		{829CA213-DE4B-4549-B057-C146E2FCBCF7}.Release|x64.ActiveCfg = Release|x64
		{829CA213-DE4B-4549-B057-C146E2FCBCF7}.Release|x64.Build.0 = Release|x64
		{829CA213-DE4B-4549-B057-C146E2FCBCF7}.Release|x86.ActiveCfg = Release|Win32
		{829CA213-DE4B-4549-B057-C146E2FCBCF7}.Release|x86.Build.0 = Release|Win32
		{E895127E-DF22-4260-A62F-CF42CB1858BC}.Debug|x64.ActiveCfg = Debug|x64
		{E895127E-DF22-4260-A62F-CF42CB1858BC}.Debug|x64.Build.0 = Debug|x64
		{E895127E-DF22-4260-A62F-CF42CB1858BC}.Debug|x86.ActiveCfg = Debug|Win32
		{E895127E-DF22-4260-A62F-CF42CB1858BC}.Debug|x86.Build.0 = Debug|Win32
		{E895127E-DF22-4260-A62F-CF42CB1858BC}.Release|x64.ActiveCfg = Release|x64
		{E895127E-DF22-4260-A62F-CF42CB1858BC}.Release|x64.Build.0 = Release|x64
		{E895127E-DF22-4260-A62F-CF42CB1858BC}.Release|x86.ActiveCfg = Release|Win32
		{E895127E-DF22-4260-A62F-CF42CB1858BC}.Release|x86.Build.0 = Release|Win32
		{822C665D-AB99-4601-9354-9CCB2CB7F65E}.Debug|x64.ActiveCfg = Debug|x64
		{822C665D-AB99-4601-9354-9CCB2CB7F65E}.Debug|x64.Build.0 = Debug|x64
		{822C665D-AB99-4601-9354-9CCB2CB7F65E}.Debug|x86.ActiveCfg = Debug|Win32
		{822C665D-AB99-4601-9354-9CCB2CB7F65E}.Debug|x86.Build.0 = Debug|Win32
		{822C665D-AB99-4601-9354-9CCB2CB7F65E}.Release|x64.ActiveCfg = Release|x64
		{822C665D-AB99-4601-9354-9CCB2CB7F65E}.Release|x64.Build.0 = Release|x64
		{822C665D-AB99-4601-9354-9CCB2CB7F65E}.Release|x86.ActiveCfg = Release|Win32
		{822C665D-AB99-4601-9354-9CCB2CB7F65E}.Release|x86.Build.0 = Release|Win32
		{B9E16B1F-7CA8-4C5F-B746-6F0C1B469AF1}.Debug|x64.ActiveCfg = Debug|x64
		{B9E16B1F-7CA8-4C5F-B746-6F0C1B469AF1}.Debug|x64.Build.0 = Debug|x64
		{B9E16B1F-7CA8-4C5F-B746-6F0C1B469AF1}.Debug|x86.ActiveCfg = Debug|Win32
		{B9E16B1F-7CA8-4C5F-B746-6F0C1B469AF1}.Debug|x86.Build.0 = Debug|Win32
		{B9E16B1F-7CA8-4C5F-B746-6F0C1B469AF1}.Release|x64.ActiveCfg = Release|x64
		{B9E16B1F-7CA8-4C5F-B746-6F0C1B469AF1}.Release|x64.Build.0 = Release|x64
		{B9E16B1F-7CA8-4C5F-B746-6F0C1B469AF1}.Release|x86.ActiveCfg = Release|Win32
		{B9E16B1F-7CA8-4C5F-B746-6F0C1B469AF1}.Release|x86.Build.0 = Release|Win32
		{0EAFD463-8284-4B80-9089-6C5F86ADF342}.Debug|x64.ActiveCfg = Debug|x64
		{0EAFD463-8284-4B80-9089-6C5F86ADF342}.Debug|x64.Build.0 = Debug|x64
		{0EAFD463-8284-4B80-9089-6C5F86ADF342}.Debug|x86.ActiveCfg = Debug|Win32
		{0EAFD463-8284-4B80-9089-6C5F86ADF342}.Debug|x86.Build.0 = Debug|Win32
		{0EAFD463-8284-4B80-9089-6C5F86ADF342}.Release|x64.ActiveCfg = Release|x64
		{0EAFD463-8284-4B80-9089-6C5F86ADF342}.Release|x64.Build.0 = Release|x64
		{0EAFD463-8284-4B80-9089-6C5F86ADF342}.Release|x86.ActiveCfg = Release|Win32
		{0EAFD463-8284-4B80-9089-6C5F86ADF342}.Release|x86.Build.0 = Release|Win32
		{8A736113-5E2E-4AED-9D6F-7D438C669DE9}.Debug|x64.ActiveCfg = Debug|x64
		{8A736113-5E2E-4AED-9D6F-7D438C669DE9}.Debug|x64.Build.0 = Debug|x64
		{8A736113-5E2E-4AED-9D6F-7D438C669DE9}.Debug|x86.ActiveCfg = Debug|Win32
		{8A736113-5E2E-4AED-9D6F-7D438C669DE9}.Debug|x86.Build.0 = Debug|Win32
		{8A736113-5E2E-4AED-9D6F-7D438C669DE9}.Release|x64.ActiveCfg = Release|x64
		{8A736113-5E2E-4AED-9D6F-7D438C669DE9}.Release|x64.Build.0 = Release|x64
		{8A736113-5E2E-4AED-9D6F-7D438C669DE9}.Release|x86.ActiveCfg = Release|Win32
		{8A736113-5E2E-4AED-9D6F-7D438C669DE9}.Release|x86.Build.0 = Release|Win32
		{9E6FFB27-484B-40B4-A5DC-D29D7649C7CF}.Debug|x64.ActiveCfg = Debug|x64
		{9E6FFB27-484B-40B4-A5DC-D29D7649C7CF}.Debug|x64.Build.0 = Debug|x64
		{9E6FFB27-484B-40B4-A5DC-D29D7649C7CF}.Debug|x86.ActiveCfg = Debug|Win32
		{9E6FFB27-484B-40B4-A5DC-D29D7649C7CF}.Debug|x86.Build.0 = Debug|Win32
		{9E6FFB27-484B-40B4-A5DC-D29D7649C7CF}.Release|x64.ActiveCfg = Release|x64
		{9E6FFB27-484B-40B4-A5DC-D29D7649C7CF}.Release|x64.Build.0 = Release|x64
		{9E6FFB27-484B-40B4-A5DC-D29D7649C7CF}.Release|x86.ActiveCfg = Release|Win32
		{9E6FFB27-484B-40B4-A5DC-D29D7649C7CF}.Release|x86.Build.0 = Release|Win32
		{2DFD4F57-96D1-4B31-B0EF-365AAD497551}.Debug|x64.ActiveCfg = Debug|x64
		{2DFD4F57-96D1-4B31-B0EF-365AAD497551}.Debug|x64.Build.0 = Debug|x64
		{2DFD4F57-96D1-4B31-B0EF-365AAD497551}.Debug|x86.ActiveCfg = Debug|Win32
		{2DFD4F57-96D1-4B31-B0EF-365AAD497551}.Debug|x86.Build.0 = Debug|Win32
		{2DFD4F57-96D1-4B31-B0EF-365AAD497551}.Release|x64.ActiveCfg = Release|x64
		{2DFD4F57-96D1-4B31-B0EF-365AAD497551}.Release|x64.Build.0 = Release|x64
		{2DFD4F57-96D1-4B31-B0EF-365AAD497551}.Release|x86.ActiveCfg = Release|Win32
		{2DFD4F57-96D1-4B31-B0EF-365AAD497551}.Release|x86.Build.0 = Release|Win32
		{E68C4301-1DBF-4DE6-80B7-7762F1E883F8}.Debug|x64.ActiveCfg = Debug|x64
		{E68C4301-1DBF-4DE6-80B7-7762F1E883F8}.Debug|x64.Build.0 = Debug|x64
		{E68C4301-1DBF-4DE6-80B7-7762F1E883F8}.Debug|x86.ActiveCfg = Debug|Win32
		{E68C4301-1DBF-4DE6-80B7-7762F1E883F8}.Debug|x86.Build.0 = Debug|Win32
		{E68C4301-1DBF-4DE6-80B7-7762F1E883F8}.Release|x64.ActiveCfg = Release|x64
		{E68C4301-1DBF-4DE6-80B7-7762F1E883F8}.Release|x64.Build.0 = Release|x64
		{E68C4301-1DBF-4DE6-80B7-7762F1E883F8}.Release|x86.ActiveCfg = Release|Win32
		{E68C4301-1DBF-4DE6-80B7-7762F1E883F8}.Release|x86.Build.0 = Release|Win32
	EndGlobalSection
	GlobalSection(SolutionProperties) = preSolution
		HideSolutionNode = FALSE
	EndGlobalSection
	GlobalSection(ExtensibilityGlobals) = postSolution
		SolutionGuid = {184CC268-AFCE-4377-B7AA-792EE2B72DF9}
	EndGlobalSection
EndGlobal
