
Microsoft Visual Studio Solution File, Format Version 12.00
# Visual Studio Version 16
VisualStudioVersion = 16.0.31313.79
MinimumVisualStudioVersion = 10.0.40219.1
Project("{8BC9CEB8-8B4A-11D0-8D11-00A0C91BC942}") = "Ch04_01", "Ch04_01\Ch04_01.vcxproj", "{0D55A073-733F-4BEF-910F-1AF461F3790B}"
EndProject
Project("{8BC9CEB8-8B4A-11D0-8D11-00A0C91BC942}") = "Ch04_02", "Ch04_02\Ch04_02.vcxproj", "{8DACC0F5-AF49-450A-A11E-D5397E19D9AE}"
EndProject
Project("{8BC9CEB8-8B4A-11D0-8D11-00A0C91BC942}") = "Ch04_03", "Ch04_03\Ch04_03.vcxproj", "{1527A78D-13A3-4180-9A96-E6DF0A269457}"
EndProject
Project("{8BC9CEB8-8B4A-11D0-8D11-00A0C91BC942}") = "Ch04_04", "Ch04_04\Ch04_04.vcxproj", "{2F5E1724-D505-4F0F-B705-B436FC7F5A45}"
EndProject
Project("{8BC9CEB8-8B4A-11D0-8D11-00A0C91BC942}") = "Ch04_05", "Ch04_05\Ch04_05.vcxproj", "{72871649-C99F-4D5A-BF09-ABF6C1998422}"
EndProject
Project("{8BC9CEB8-8B4A-11D0-8D11-00A0C91BC942}") = "Ch04_06", "Ch04_06\Ch04_06.vcxproj", "{9D32BA45-14D7-4B0A-9EB9-B69B56339681}"
EndProject
Project("{8BC9CEB8-8B4A-11D0-8D11-00A0C91BC942}") = "Ch04_07", "Ch04_07\Ch04_07.vcxproj", "{169A9E9E-50D3-4D73-AAB3-B1C7B17EA62E}"
EndProject
Global
	GlobalSection(SolutionConfigurationPlatforms) = preSolution
		Debug|x64 = Debug|x64
		Debug|x86 = Debug|x86
		Release|x64 = Release|x64
		Release|x86 = Release|x86
	EndGlobalSection
	GlobalSection(ProjectConfigurationPlatforms) = postSolution
		{0D55A073-733F-4BEF-910F-1AF461F3790B}.Debug|x64.ActiveCfg = Debug|x64
		{0D55A073-733F-4BEF-910F-1AF461F3790B}.Debug|x64.Build.0 = Debug|x64
		{0D55A073-733F-4BEF-910F-1AF461F3790B}.Debug|x86.ActiveCfg = Debug|Win32
		{0D55A073-733F-4BEF-910F-1AF461F3790B}.Debug|x86.Build.0 = Debug|Win32
		{0D55A073-733F-4BEF-910F-1AF461F3790B}.Release|x64.ActiveCfg = Release|x64
		{0D55A073-733F-4BEF-910F-1AF461F3790B}.Release|x64.Build.0 = Release|x64
		{0D55A073-733F-4BEF-910F-1AF461F3790B}.Release|x86.ActiveCfg = Release|Win32
		{0D55A073-733F-4BEF-910F-1AF461F3790B}.Release|x86.Build.0 = Release|Win32
		{8DACC0F5-AF49-450A-A11E-D5397E19D9AE}.Debug|x64.ActiveCfg = Debug|x64
		{8DACC0F5-AF49-450A-A11E-D5397E19D9AE}.Debug|x64.Build.0 = Debug|x64
		{8DACC0F5-AF49-450A-A11E-D5397E19D9AE}.Debug|x86.ActiveCfg = Debug|Win32
		{8DACC0F5-AF49-450A-A11E-D5397E19D9AE}.Debug|x86.Build.0 = Debug|Win32
		{8DACC0F5-AF49-450A-A11E-D5397E19D9AE}.Release|x64.ActiveCfg = Release|x64
		{8DACC0F5-AF49-450A-A11E-D5397E19D9AE}.Release|x64.Build.0 = Release|x64
		{8DACC0F5-AF49-450A-A11E-D5397E19D9AE}.Release|x86.ActiveCfg = Release|Win32
		{8DACC0F5-AF49-450A-A11E-D5397E19D9AE}.Release|x86.Build.0 = Release|Win32
		{1527A78D-13A3-4180-9A96-E6DF0A269457}.Debug|x64.ActiveCfg = Debug|x64
		{1527A78D-13A3-4180-9A96-E6DF0A269457}.Debug|x64.Build.0 = Debug|x64
		{1527A78D-13A3-4180-9A96-E6DF0A269457}.Debug|x86.ActiveCfg = Debug|Win32
		{1527A78D-13A3-4180-9A96-E6DF0A269457}.Debug|x86.Build.0 = Debug|Win32
		{1527A78D-13A3-4180-9A96-E6DF0A269457}.Release|x64.ActiveCfg = Release|x64
		{1527A78D-13A3-4180-9A96-E6DF0A269457}.Release|x64.Build.0 = Release|x64
		{1527A78D-13A3-4180-9A96-E6DF0A269457}.Release|x86.ActiveCfg = Release|Win32
		{1527A78D-13A3-4180-9A96-E6DF0A269457}.Release|x86.Build.0 = Release|Win32
		{2F5E1724-D505-4F0F-B705-B436FC7F5A45}.Debug|x64.ActiveCfg = Debug|x64
		{2F5E1724-D505-4F0F-B705-B436FC7F5A45}.Debug|x64.Build.0 = Debug|x64
		{2F5E1724-D505-4F0F-B705-B436FC7F5A45}.Debug|x86.ActiveCfg = Debug|Win32
		{2F5E1724-D505-4F0F-B705-B436FC7F5A45}.Debug|x86.Build.0 = Debug|Win32
		{2F5E1724-D505-4F0F-B705-B436FC7F5A45}.Release|x64.ActiveCfg = Release|x64
		{2F5E1724-D505-4F0F-B705-B436FC7F5A45}.Release|x64.Build.0 = Release|x64
		{2F5E1724-D505-4F0F-B705-B436FC7F5A45}.Release|x86.ActiveCfg = Release|Win32
		{2F5E1724-D505-4F0F-B705-B436FC7F5A45}.Release|x86.Build.0 = Release|Win32
		{72871649-C99F-4D5A-BF09-ABF6C1998422}.Debug|x64.ActiveCfg = Debug|x64
		{72871649-C99F-4D5A-BF09-ABF6C1998422}.Debug|x64.Build.0 = Debug|x64
		{72871649-C99F-4D5A-BF09-ABF6C1998422}.Debug|x86.ActiveCfg = Debug|Win32
		{72871649-C99F-4D5A-BF09-ABF6C1998422}.Debug|x86.Build.0 = Debug|Win32
		{72871649-C99F-4D5A-BF09-ABF6C1998422}.Release|x64.ActiveCfg = Release|x64
		{72871649-C99F-4D5A-BF09-ABF6C1998422}.Release|x64.Build.0 = Release|x64
		{72871649-C99F-4D5A-BF09-ABF6C1998422}.Release|x86.ActiveCfg = Release|Win32
		{72871649-C99F-4D5A-BF09-ABF6C1998422}.Release|x86.Build.0 = Release|Win32
		{9D32BA45-14D7-4B0A-9EB9-B69B56339681}.Debug|x64.ActiveCfg = Debug|x64
		{9D32BA45-14D7-4B0A-9EB9-B69B56339681}.Debug|x64.Build.0 = Debug|x64
		{9D32BA45-14D7-4B0A-9EB9-B69B56339681}.Debug|x86.ActiveCfg = Debug|Win32
		{9D32BA45-14D7-4B0A-9EB9-B69B56339681}.Debug|x86.Build.0 = Debug|Win32
		{9D32BA45-14D7-4B0A-9EB9-B69B56339681}.Release|x64.ActiveCfg = Release|x64
		{9D32BA45-14D7-4B0A-9EB9-B69B56339681}.Release|x64.Build.0 = Release|x64
		{9D32BA45-14D7-4B0A-9EB9-B69B56339681}.Release|x86.ActiveCfg = Release|Win32
		{9D32BA45-14D7-4B0A-9EB9-B69B56339681}.Release|x86.Build.0 = Release|Win32
		{169A9E9E-50D3-4D73-AAB3-B1C7B17EA62E}.Debug|x64.ActiveCfg = Debug|x64
		{169A9E9E-50D3-4D73-AAB3-B1C7B17EA62E}.Debug|x64.Build.0 = Debug|x64
		{169A9E9E-50D3-4D73-AAB3-B1C7B17EA62E}.Debug|x86.ActiveCfg = Debug|Win32
		{169A9E9E-50D3-4D73-AAB3-B1C7B17EA62E}.Debug|x86.Build.0 = Debug|Win32
		{169A9E9E-50D3-4D73-AAB3-B1C7B17EA62E}.Release|x64.ActiveCfg = Release|x64
		{169A9E9E-50D3-4D73-AAB3-B1C7B17EA62E}.Release|x64.Build.0 = Release|x64
		{169A9E9E-50D3-4D73-AAB3-B1C7B17EA62E}.Release|x86.ActiveCfg = Release|Win32
		{169A9E9E-50D3-4D73-AAB3-B1C7B17EA62E}.Release|x86.Build.0 = Release|Win32
	EndGlobalSection
	GlobalSection(SolutionProperties) = preSolution
		HideSolutionNode = FALSE
	EndGlobalSection
	GlobalSection(ExtensibilityGlobals) = postSolution
		SolutionGuid = {03FA39C3-8409-4E34-AB40-055FB0CA6BF0}
	EndGlobalSection
EndGlobal
