
Microsoft Visual Studio Solution File, Format Version 12.00
# Visual Studio Version 16
VisualStudioVersion = 16.0.31424.327
MinimumVisualStudioVersion = 10.0.40219.1
Project("{8BC9CEB8-8B4A-11D0-8D11-00A0C91BC942}") = "Ch18_01", "Ch18_01\Ch18_01.vcxproj", "{6A22A8A8-8850-4E22-9D72-98AD1C6CC54F}"
EndProject
Project("{8BC9CEB8-8B4A-11D0-8D11-00A0C91BC942}") = "Ch18_02", "Ch18_02\Ch18_02.vcxproj", "{8280B38B-B543-4F4B-80E7-79FBFE0273B9}"
EndProject
Project("{8BC9CEB8-8B4A-11D0-8D11-00A0C91BC942}") = "Ch18_03", "Ch18_03\Ch18_03.vcxproj", "{87649278-F337-4FA1-B7A6-40613A3E9323}"
EndProject
Project("{8BC9CEB8-8B4A-11D0-8D11-00A0C91BC942}") = "Ch18_04", "Ch18_04\Ch18_04.vcxproj", "{16F8F515-0E97-4D8D-B76A-BE2572BF00B9}"
EndProject
Project("{8BC9CEB8-8B4A-11D0-8D11-00A0C91BC942}") = "Ch18_05", "Ch18_05\Ch18_05.vcxproj", "{A9E6A156-2F27-423B-94C5-8A13BC12961D}"
EndProject
Project("{8BC9CEB8-8B4A-11D0-8D11-00A0C91BC942}") = "Ch18_06", "Ch18_06\Ch18_06.vcxproj", "{263143AF-FC19-40A4-987A-A9A73EE21F5A}"
EndProject
Global
	GlobalSection(SolutionConfigurationPlatforms) = preSolution
		Debug|x64 = Debug|x64
		Release|x64 = Release|x64
	EndGlobalSection
	GlobalSection(ProjectConfigurationPlatforms) = postSolution
		{6A22A8A8-8850-4E22-9D72-98AD1C6CC54F}.Debug|x64.ActiveCfg = Debug|x64
		{6A22A8A8-8850-4E22-9D72-98AD1C6CC54F}.Debug|x64.Build.0 = Debug|x64
		{6A22A8A8-8850-4E22-9D72-98AD1C6CC54F}.Release|x64.ActiveCfg = Release|x64
		{6A22A8A8-8850-4E22-9D72-98AD1C6CC54F}.Release|x64.Build.0 = Release|x64
		{8280B38B-B543-4F4B-80E7-79FBFE0273B9}.Debug|x64.ActiveCfg = Debug|x64
		{8280B38B-B543-4F4B-80E7-79FBFE0273B9}.Debug|x64.Build.0 = Debug|x64
		{8280B38B-B543-4F4B-80E7-79FBFE0273B9}.Release|x64.ActiveCfg = Release|x64
		{8280B38B-B543-4F4B-80E7-79FBFE0273B9}.Release|x64.Build.0 = Release|x64
		{87649278-F337-4FA1-B7A6-40613A3E9323}.Debug|x64.ActiveCfg = Debug|x64
		{87649278-F337-4FA1-B7A6-40613A3E9323}.Debug|x64.Build.0 = Debug|x64
		{87649278-F337-4FA1-B7A6-40613A3E9323}.Release|x64.ActiveCfg = Release|x64
		{87649278-F337-4FA1-B7A6-40613A3E9323}.Release|x64.Build.0 = Release|x64
		{16F8F515-0E97-4D8D-B76A-BE2572BF00B9}.Debug|x64.ActiveCfg = Debug|x64
		{16F8F515-0E97-4D8D-B76A-BE2572BF00B9}.Debug|x64.Build.0 = Debug|x64
		{16F8F515-0E97-4D8D-B76A-BE2572BF00B9}.Release|x64.ActiveCfg = Release|x64
		{16F8F515-0E97-4D8D-B76A-BE2572BF00B9}.Release|x64.Build.0 = Release|x64
		{A9E6A156-2F27-423B-94C5-8A13BC12961D}.Debug|x64.ActiveCfg = Debug|x64
		{A9E6A156-2F27-423B-94C5-8A13BC12961D}.Debug|x64.Build.0 = Debug|x64
		{A9E6A156-2F27-423B-94C5-8A13BC12961D}.Release|x64.ActiveCfg = Release|x64
		{A9E6A156-2F27-423B-94C5-8A13BC12961D}.Release|x64.Build.0 = Release|x64
		{263143AF-FC19-40A4-987A-A9A73EE21F5A}.Debug|x64.ActiveCfg = Debug|x64
		{263143AF-FC19-40A4-987A-A9A73EE21F5A}.Debug|x64.Build.0 = Debug|x64
		{263143AF-FC19-40A4-987A-A9A73EE21F5A}.Release|x64.ActiveCfg = Release|x64
		{263143AF-FC19-40A4-987A-A9A73EE21F5A}.Release|x64.Build.0 = Release|x64
	EndGlobalSection
	GlobalSection(SolutionProperties) = preSolution
		HideSolutionNode = FALSE
	EndGlobalSection
	GlobalSection(ExtensibilityGlobals) = postSolution
		SolutionGuid = {3B28413F-A4D1-4A16-9EAA-1CFBFB727302}
	EndGlobalSection
EndGlobal
