
Microsoft Visual Studio Solution File, Format Version 12.00
# Visual Studio Version 16
VisualStudioVersion = 16.0.31229.75
MinimumVisualStudioVersion = 10.0.40219.1
Project("{8BC9CEB8-8B4A-11D0-8D11-00A0C91BC942}") = "Ch03_01", "Ch03_01\Ch03_01.vcxproj", "{89980E26-DED9-43D9-A4B6-82196A9C5713}"
EndProject
Project("{8BC9CEB8-8B4A-11D0-8D11-00A0C91BC942}") = "Ch03_02", "Ch03_02\Ch03_02.vcxproj", "{37F63D23-A32C-495B-BC6B-6731188BE51E}"
EndProject
Project("{8BC9CEB8-8B4A-11D0-8D11-00A0C91BC942}") = "Ch03_03", "Ch03_03\Ch03_03.vcxproj", "{52E5A419-0B3F-41ED-9DAF-36321A1718C9}"
EndProject
Project("{8BC9CEB8-8B4A-11D0-8D11-00A0C91BC942}") = "Ch03_04", "Ch03_04\Ch03_04.vcxproj", "{F3F0DBF2-B14C-4CA3-A48B-BFD6A8D66E4D}"
EndProject
Project("{8BC9CEB8-8B4A-11D0-8D11-00A0C91BC942}") = "Ch03_05", "Ch03_05\Ch03_05.vcxproj", "{41409A27-7C41-440B-98E7-BA21F8EBE5A7}"
EndProject
Project("{8BC9CEB8-8B4A-11D0-8D11-00A0C91BC942}") = "Ch03_06", "Ch03_06\Ch03_06.vcxproj", "{290582C0-2F39-4655-912D-4BE3F9AD75CB}"
EndProject
Project("{8BC9CEB8-8B4A-11D0-8D11-00A0C91BC942}") = "Ch03_07", "Ch03_07\Ch03_07.vcxproj", "{287177A2-0E54-4163-BF75-424F733292BE}"
EndProject
Project("{8BC9CEB8-8B4A-11D0-8D11-00A0C91BC942}") = "Ch03_09", "Ch03_09\Ch03_09.vcxproj", "{9BA85782-3B9B-472D-A804-C346B7F90FDE}"
EndProject
Project("{8BC9CEB8-8B4A-11D0-8D11-00A0C91BC942}") = "Ch03_08", "Ch03_08\Ch03_08.vcxproj", "{53475F39-FA41-44C2-80A2-4CC2032AF042}"
EndProject
Global
	GlobalSection(SolutionConfigurationPlatforms) = preSolution
		Debug|x64 = Debug|x64
		Debug|x86 = Debug|x86
		Release|x64 = Release|x64
		Release|x86 = Release|x86
	EndGlobalSection
	GlobalSection(ProjectConfigurationPlatforms) = postSolution
		{89980E26-DED9-43D9-A4B6-82196A9C5713}.Debug|x64.ActiveCfg = Debug|x64
		{89980E26-DED9-43D9-A4B6-82196A9C5713}.Debug|x64.Build.0 = Debug|x64
		{89980E26-DED9-43D9-A4B6-82196A9C5713}.Debug|x86.ActiveCfg = Debug|Win32
		{89980E26-DED9-43D9-A4B6-82196A9C5713}.Debug|x86.Build.0 = Debug|Win32
		{89980E26-DED9-43D9-A4B6-82196A9C5713}.Release|x64.ActiveCfg = Release|x64
		{89980E26-DED9-43D9-A4B6-82196A9C5713}.Release|x64.Build.0 = Release|x64
		{89980E26-DED9-43D9-A4B6-82196A9C5713}.Release|x86.ActiveCfg = Release|Win32
		{89980E26-DED9-43D9-A4B6-82196A9C5713}.Release|x86.Build.0 = Release|Win32
		{37F63D23-A32C-495B-BC6B-6731188BE51E}.Debug|x64.ActiveCfg = Debug|x64
		{37F63D23-A32C-495B-BC6B-6731188BE51E}.Debug|x64.Build.0 = Debug|x64
		{37F63D23-A32C-495B-BC6B-6731188BE51E}.Debug|x86.ActiveCfg = Debug|Win32
		{37F63D23-A32C-495B-BC6B-6731188BE51E}.Debug|x86.Build.0 = Debug|Win32
		{37F63D23-A32C-495B-BC6B-6731188BE51E}.Release|x64.ActiveCfg = Release|x64
		{37F63D23-A32C-495B-BC6B-6731188BE51E}.Release|x64.Build.0 = Release|x64
		{37F63D23-A32C-495B-BC6B-6731188BE51E}.Release|x86.ActiveCfg = Release|Win32
		{37F63D23-A32C-495B-BC6B-6731188BE51E}.Release|x86.Build.0 = Release|Win32
		{52E5A419-0B3F-41ED-9DAF-36321A1718C9}.Debug|x64.ActiveCfg = Debug|x64
		{52E5A419-0B3F-41ED-9DAF-36321A1718C9}.Debug|x64.Build.0 = Debug|x64
		{52E5A419-0B3F-41ED-9DAF-36321A1718C9}.Debug|x86.ActiveCfg = Debug|Win32
		{52E5A419-0B3F-41ED-9DAF-36321A1718C9}.Debug|x86.Build.0 = Debug|Win32
		{52E5A419-0B3F-41ED-9DAF-36321A1718C9}.Release|x64.ActiveCfg = Release|x64
		{52E5A419-0B3F-41ED-9DAF-36321A1718C9}.Release|x64.Build.0 = Release|x64
		{52E5A419-0B3F-41ED-9DAF-36321A1718C9}.Release|x86.ActiveCfg = Release|Win32
		{52E5A419-0B3F-41ED-9DAF-36321A1718C9}.Release|x86.Build.0 = Release|Win32
		{F3F0DBF2-B14C-4CA3-A48B-BFD6A8D66E4D}.Debug|x64.ActiveCfg = Debug|x64
		{F3F0DBF2-B14C-4CA3-A48B-BFD6A8D66E4D}.Debug|x64.Build.0 = Debug|x64
		{F3F0DBF2-B14C-4CA3-A48B-BFD6A8D66E4D}.Debug|x86.ActiveCfg = Debug|Win32
		{F3F0DBF2-B14C-4CA3-A48B-BFD6A8D66E4D}.Debug|x86.Build.0 = Debug|Win32
		{F3F0DBF2-B14C-4CA3-A48B-BFD6A8D66E4D}.Release|x64.ActiveCfg = Release|x64
		{F3F0DBF2-B14C-4CA3-A48B-BFD6A8D66E4D}.Release|x64.Build.0 = Release|x64
		{F3F0DBF2-B14C-4CA3-A48B-BFD6A8D66E4D}.Release|x86.ActiveCfg = Release|Win32
		{F3F0DBF2-B14C-4CA3-A48B-BFD6A8D66E4D}.Release|x86.Build.0 = Release|Win32
		{41409A27-7C41-440B-98E7-BA21F8EBE5A7}.Debug|x64.ActiveCfg = Debug|x64
		{41409A27-7C41-440B-98E7-BA21F8EBE5A7}.Debug|x64.Build.0 = Debug|x64
		{41409A27-7C41-440B-98E7-BA21F8EBE5A7}.Debug|x86.ActiveCfg = Debug|Win32
		{41409A27-7C41-440B-98E7-BA21F8EBE5A7}.Debug|x86.Build.0 = Debug|Win32
		{41409A27-7C41-440B-98E7-BA21F8EBE5A7}.Release|x64.ActiveCfg = Release|x64
		{41409A27-7C41-440B-98E7-BA21F8EBE5A7}.Release|x64.Build.0 = Release|x64
		{41409A27-7C41-440B-98E7-BA21F8EBE5A7}.Release|x86.ActiveCfg = Release|Win32
		{41409A27-7C41-440B-98E7-BA21F8EBE5A7}.Release|x86.Build.0 = Release|Win32
		{290582C0-2F39-4655-912D-4BE3F9AD75CB}.Debug|x64.ActiveCfg = Debug|x64
		{290582C0-2F39-4655-912D-4BE3F9AD75CB}.Debug|x64.Build.0 = Debug|x64
		{290582C0-2F39-4655-912D-4BE3F9AD75CB}.Debug|x86.ActiveCfg = Debug|Win32
		{290582C0-2F39-4655-912D-4BE3F9AD75CB}.Debug|x86.Build.0 = Debug|Win32
		{290582C0-2F39-4655-912D-4BE3F9AD75CB}.Release|x64.ActiveCfg = Release|x64
		{290582C0-2F39-4655-912D-4BE3F9AD75CB}.Release|x64.Build.0 = Release|x64
		{290582C0-2F39-4655-912D-4BE3F9AD75CB}.Release|x86.ActiveCfg = Release|Win32
		{290582C0-2F39-4655-912D-4BE3F9AD75CB}.Release|x86.Build.0 = Release|Win32
		{287177A2-0E54-4163-BF75-424F733292BE}.Debug|x64.ActiveCfg = Debug|x64
		{287177A2-0E54-4163-BF75-424F733292BE}.Debug|x64.Build.0 = Debug|x64
		{287177A2-0E54-4163-BF75-424F733292BE}.Debug|x86.ActiveCfg = Debug|Win32
		{287177A2-0E54-4163-BF75-424F733292BE}.Debug|x86.Build.0 = Debug|Win32
		{287177A2-0E54-4163-BF75-424F733292BE}.Release|x64.ActiveCfg = Release|x64
		{287177A2-0E54-4163-BF75-424F733292BE}.Release|x64.Build.0 = Release|x64
		{287177A2-0E54-4163-BF75-424F733292BE}.Release|x86.ActiveCfg = Release|Win32
		{287177A2-0E54-4163-BF75-424F733292BE}.Release|x86.Build.0 = Release|Win32
		{9BA85782-3B9B-472D-A804-C346B7F90FDE}.Debug|x64.ActiveCfg = Debug|x64
		{9BA85782-3B9B-472D-A804-C346B7F90FDE}.Debug|x64.Build.0 = Debug|x64
		{9BA85782-3B9B-472D-A804-C346B7F90FDE}.Debug|x86.ActiveCfg = Debug|Win32
		{9BA85782-3B9B-472D-A804-C346B7F90FDE}.Debug|x86.Build.0 = Debug|Win32
		{9BA85782-3B9B-472D-A804-C346B7F90FDE}.Release|x64.ActiveCfg = Release|x64
		{9BA85782-3B9B-472D-A804-C346B7F90FDE}.Release|x64.Build.0 = Release|x64
		{9BA85782-3B9B-472D-A804-C346B7F90FDE}.Release|x86.ActiveCfg = Release|Win32
		{9BA85782-3B9B-472D-A804-C346B7F90FDE}.Release|x86.Build.0 = Release|Win32
		{53475F39-FA41-44C2-80A2-4CC2032AF042}.Debug|x64.ActiveCfg = Debug|x64
		{53475F39-FA41-44C2-80A2-4CC2032AF042}.Debug|x64.Build.0 = Debug|x64
		{53475F39-FA41-44C2-80A2-4CC2032AF042}.Debug|x86.ActiveCfg = Debug|Win32
		{53475F39-FA41-44C2-80A2-4CC2032AF042}.Debug|x86.Build.0 = Debug|Win32
		{53475F39-FA41-44C2-80A2-4CC2032AF042}.Release|x64.ActiveCfg = Release|x64
		{53475F39-FA41-44C2-80A2-4CC2032AF042}.Release|x64.Build.0 = Release|x64
		{53475F39-FA41-44C2-80A2-4CC2032AF042}.Release|x86.ActiveCfg = Release|Win32
		{53475F39-FA41-44C2-80A2-4CC2032AF042}.Release|x86.Build.0 = Release|Win32
	EndGlobalSection
	GlobalSection(SolutionProperties) = preSolution
		HideSolutionNode = FALSE
	EndGlobalSection
	GlobalSection(ExtensibilityGlobals) = postSolution
		SolutionGuid = {1646382F-2570-4803-93C6-6D0EA874EC57}
	EndGlobalSection
EndGlobal
