
Microsoft Visual Studio Solution File, Format Version 12.00
# Visual Studio Version 16
VisualStudioVersion = 16.0.31313.79
MinimumVisualStudioVersion = 10.0.40219.1
Project("{8BC9CEB8-8B4A-11D0-8D11-00A0C91BC942}") = "Ch05_01", "Ch05_01\Ch05_01.vcxproj", "{292AE088-B7CF-4E6F-977C-C5850F18A098}"
EndProject
Project("{8BC9CEB8-8B4A-11D0-8D11-00A0C91BC942}") = "Ch05_02", "Ch05_02\Ch05_02.vcxproj", "{6DA9AB73-015D-4E4D-8C6B-66D35885581C}"
EndProject
Project("{8BC9CEB8-8B4A-11D0-8D11-00A0C91BC942}") = "Ch05_03", "Ch05_03\Ch05_03.vcxproj", "{0E0C6DB0-2782-496F-B321-B6C7A93EE40D}"
EndProject
Project("{8BC9CEB8-8B4A-11D0-8D11-00A0C91BC942}") = "Ch05_04", "Ch05_04\Ch05_04.vcxproj", "{0A6BB797-4486-47FC-BA91-81F84F896F84}"
EndProject
Project("{8BC9CEB8-8B4A-11D0-8D11-00A0C91BC942}") = "Ch05_05", "Ch05_05\Ch05_05.vcxproj", "{643F219B-B16E-4469-8755-345E6682F75A}"
EndProject
Project("{8BC9CEB8-8B4A-11D0-8D11-00A0C91BC942}") = "Ch05_06", "Ch05_06\Ch05_06.vcxproj", "{EF68928E-E652-4C79-A6BE-FC443C95E3F8}"
EndProject
Project("{8BC9CEB8-8B4A-11D0-8D11-00A0C91BC942}") = "Ch05_07", "Ch05_07\Ch05_07.vcxproj", "{0EE94295-2566-4621-B2CD-98DE7CD23ADC}"
EndProject
Project("{8BC9CEB8-8B4A-11D0-8D11-00A0C91BC942}") = "Ch05_08", "Ch05_08\Ch05_08.vcxproj", "{CCA8AA6F-A94B-4843-9518-EE46B1D9A89E}"
EndProject
Project("{8BC9CEB8-8B4A-11D0-8D11-00A0C91BC942}") = "Ch05_09", "Ch05_09\Ch05_09.vcxproj", "{A929D5D1-1617-4EB9-A520-BD9D9A6EA48B}"
EndProject
Global
	GlobalSection(SolutionConfigurationPlatforms) = preSolution
		Debug|x64 = Debug|x64
		Debug|x86 = Debug|x86
		Release|x64 = Release|x64
		Release|x86 = Release|x86
	EndGlobalSection
	GlobalSection(ProjectConfigurationPlatforms) = postSolution
		{292AE088-B7CF-4E6F-977C-C5850F18A098}.Debug|x64.ActiveCfg = Debug|x64
		{292AE088-B7CF-4E6F-977C-C5850F18A098}.Debug|x64.Build.0 = Debug|x64
		{292AE088-B7CF-4E6F-977C-C5850F18A098}.Debug|x86.ActiveCfg = Debug|Win32
		{292AE088-B7CF-4E6F-977C-C5850F18A098}.Debug|x86.Build.0 = Debug|Win32
		{292AE088-B7CF-4E6F-977C-C5850F18A098}.Release|x64.ActiveCfg = Release|x64
		{292AE088-B7CF-4E6F-977C-C5850F18A098}.Release|x64.Build.0 = Release|x64
		{292AE088-B7CF-4E6F-977C-C5850F18A098}.Release|x86.ActiveCfg = Release|Win32
		{292AE088-B7CF-4E6F-977C-C5850F18A098}.Release|x86.Build.0 = Release|Win32
		{6DA9AB73-015D-4E4D-8C6B-66D35885581C}.Debug|x64.ActiveCfg = Debug|x64
		{6DA9AB73-015D-4E4D-8C6B-66D35885581C}.Debug|x64.Build.0 = Debug|x64
		{6DA9AB73-015D-4E4D-8C6B-66D35885581C}.Debug|x86.ActiveCfg = Debug|Win32
		{6DA9AB73-015D-4E4D-8C6B-66D35885581C}.Debug|x86.Build.0 = Debug|Win32
		{6DA9AB73-015D-4E4D-8C6B-66D35885581C}.Release|x64.ActiveCfg = Release|x64
		{6DA9AB73-015D-4E4D-8C6B-66D35885581C}.Release|x64.Build.0 = Release|x64
		{6DA9AB73-015D-4E4D-8C6B-66D35885581C}.Release|x86.ActiveCfg = Release|Win32
		{6DA9AB73-015D-4E4D-8C6B-66D35885581C}.Release|x86.Build.0 = Release|Win32
		{0E0C6DB0-2782-496F-B321-B6C7A93EE40D}.Debug|x64.ActiveCfg = Debug|x64
		{0E0C6DB0-2782-496F-B321-B6C7A93EE40D}.Debug|x64.Build.0 = Debug|x64
		{0E0C6DB0-2782-496F-B321-B6C7A93EE40D}.Debug|x86.ActiveCfg = Debug|Win32
		{0E0C6DB0-2782-496F-B321-B6C7A93EE40D}.Debug|x86.Build.0 = Debug|Win32
		{0E0C6DB0-2782-496F-B321-B6C7A93EE40D}.Release|x64.ActiveCfg = Release|x64
		{0E0C6DB0-2782-496F-B321-B6C7A93EE40D}.Release|x64.Build.0 = Release|x64
		{0E0C6DB0-2782-496F-B321-B6C7A93EE40D}.Release|x86.ActiveCfg = Release|Win32
		{0E0C6DB0-2782-496F-B321-B6C7A93EE40D}.Release|x86.Build.0 = Release|Win32
		{0A6BB797-4486-47FC-BA91-81F84F896F84}.Debug|x64.ActiveCfg = Debug|x64
		{0A6BB797-4486-47FC-BA91-81F84F896F84}.Debug|x64.Build.0 = Debug|x64
		{0A6BB797-4486-47FC-BA91-81F84F896F84}.Debug|x86.ActiveCfg = Debug|Win32
		{0A6BB797-4486-47FC-BA91-81F84F896F84}.Debug|x86.Build.0 = Debug|Win32
		{0A6BB797-4486-47FC-BA91-81F84F896F84}.Release|x64.ActiveCfg = Release|x64
		{0A6BB797-4486-47FC-BA91-81F84F896F84}.Release|x64.Build.0 = Release|x64
		{0A6BB797-4486-47FC-BA91-81F84F896F84}.Release|x86.ActiveCfg = Release|Win32
		{0A6BB797-4486-47FC-BA91-81F84F896F84}.Release|x86.Build.0 = Release|Win32
		{643F219B-B16E-4469-8755-345E6682F75A}.Debug|x64.ActiveCfg = Debug|x64
		{643F219B-B16E-4469-8755-345E6682F75A}.Debug|x64.Build.0 = Debug|x64
		{643F219B-B16E-4469-8755-345E6682F75A}.Debug|x86.ActiveCfg = Debug|Win32
		{643F219B-B16E-4469-8755-345E6682F75A}.Debug|x86.Build.0 = Debug|Win32
		{643F219B-B16E-4469-8755-345E6682F75A}.Release|x64.ActiveCfg = Release|x64
		{643F219B-B16E-4469-8755-345E6682F75A}.Release|x64.Build.0 = Release|x64
		{643F219B-B16E-4469-8755-345E6682F75A}.Release|x86.ActiveCfg = Release|Win32
		{643F219B-B16E-4469-8755-345E6682F75A}.Release|x86.Build.0 = Release|Win32
		{EF68928E-E652-4C79-A6BE-FC443C95E3F8}.Debug|x64.ActiveCfg = Debug|x64
		{EF68928E-E652-4C79-A6BE-FC443C95E3F8}.Debug|x64.Build.0 = Debug|x64
		{EF68928E-E652-4C79-A6BE-FC443C95E3F8}.Debug|x86.ActiveCfg = Debug|Win32
		{EF68928E-E652-4C79-A6BE-FC443C95E3F8}.Debug|x86.Build.0 = Debug|Win32
		{EF68928E-E652-4C79-A6BE-FC443C95E3F8}.Release|x64.ActiveCfg = Release|x64
		{EF68928E-E652-4C79-A6BE-FC443C95E3F8}.Release|x64.Build.0 = Release|x64
		{EF68928E-E652-4C79-A6BE-FC443C95E3F8}.Release|x86.ActiveCfg = Release|Win32
		{EF68928E-E652-4C79-A6BE-FC443C95E3F8}.Release|x86.Build.0 = Release|Win32
		{0EE94295-2566-4621-B2CD-98DE7CD23ADC}.Debug|x64.ActiveCfg = Debug|x64
		{0EE94295-2566-4621-B2CD-98DE7CD23ADC}.Debug|x64.Build.0 = Debug|x64
		{0EE94295-2566-4621-B2CD-98DE7CD23ADC}.Debug|x86.ActiveCfg = Debug|Win32
		{0EE94295-2566-4621-B2CD-98DE7CD23ADC}.Debug|x86.Build.0 = Debug|Win32
		{0EE94295-2566-4621-B2CD-98DE7CD23ADC}.Release|x64.ActiveCfg = Release|x64
		{0EE94295-2566-4621-B2CD-98DE7CD23ADC}.Release|x64.Build.0 = Release|x64
		{0EE94295-2566-4621-B2CD-98DE7CD23ADC}.Release|x86.ActiveCfg = Release|Win32
		{0EE94295-2566-4621-B2CD-98DE7CD23ADC}.Release|x86.Build.0 = Release|Win32
		{CCA8AA6F-A94B-4843-9518-EE46B1D9A89E}.Debug|x64.ActiveCfg = Debug|x64
		{CCA8AA6F-A94B-4843-9518-EE46B1D9A89E}.Debug|x64.Build.0 = Debug|x64
		{CCA8AA6F-A94B-4843-9518-EE46B1D9A89E}.Debug|x86.ActiveCfg = Debug|Win32
		{CCA8AA6F-A94B-4843-9518-EE46B1D9A89E}.Debug|x86.Build.0 = Debug|Win32
		{CCA8AA6F-A94B-4843-9518-EE46B1D9A89E}.Release|x64.ActiveCfg = Release|x64
		{CCA8AA6F-A94B-4843-9518-EE46B1D9A89E}.Release|x64.Build.0 = Release|x64
		{CCA8AA6F-A94B-4843-9518-EE46B1D9A89E}.Release|x86.ActiveCfg = Release|Win32
		{CCA8AA6F-A94B-4843-9518-EE46B1D9A89E}.Release|x86.Build.0 = Release|Win32
		{A929D5D1-1617-4EB9-A520-BD9D9A6EA48B}.Debug|x64.ActiveCfg = Debug|x64
		{A929D5D1-1617-4EB9-A520-BD9D9A6EA48B}.Debug|x64.Build.0 = Debug|x64
		{A929D5D1-1617-4EB9-A520-BD9D9A6EA48B}.Debug|x86.ActiveCfg = Debug|Win32
		{A929D5D1-1617-4EB9-A520-BD9D9A6EA48B}.Debug|x86.Build.0 = Debug|Win32
		{A929D5D1-1617-4EB9-A520-BD9D9A6EA48B}.Release|x64.ActiveCfg = Release|x64
		{A929D5D1-1617-4EB9-A520-BD9D9A6EA48B}.Release|x64.Build.0 = Release|x64
		{A929D5D1-1617-4EB9-A520-BD9D9A6EA48B}.Release|x86.ActiveCfg = Release|Win32
		{A929D5D1-1617-4EB9-A520-BD9D9A6EA48B}.Release|x86.Build.0 = Release|Win32
	EndGlobalSection
	GlobalSection(SolutionProperties) = preSolution
		HideSolutionNode = FALSE
	EndGlobalSection
	GlobalSection(ExtensibilityGlobals) = postSolution
		SolutionGuid = {773DE69F-F872-4897-B968-8F0CA3888E81}
	EndGlobalSection
EndGlobal
